# This file is automatically @generated by Cargo.
# It is not intended for manual editing.
version = 4

[[package]]
name = "bitflags"
version = "2.13.2"
source = "registry+https://github.com/rust-lang/crates.io-index"
checksum = "3ded4057c258ba199e2d26386d3af3780957ecaee6c4ef4041c6b4b8b97c0b06"

[[package]]
name = "block-buffer"
version = "0.12.1"
source = "registry+https://github.com/rust-lang/crates.io-index"
checksum = "d2f6c7dbe95a6ed67ad9f18e57daf93a2f034c524b99fd2b76d18fdfeb6660aa"
dependencies = [
 "hybrid-array",
]

[[package]]
name = "cc"
version = "1.6.0"
source = "registry+https://github.com/rust-lang/crates.io-index"
checksum = "f74872d07caf508b30a21f6836e7d7016a2eaf7d9ff4f48deaa58cd8a0407630"
dependencies = [
 "find-msvc-tools",
 "shlex",
]

[[package]]
name = "cfg-if"
version = "1.0.5"
source = "registry+https://github.com/rust-lang/crates.io-index"
checksum = "4e7648175b45a9a48536d676f68d918270699102aa8dab5496df06904c914600"

[[package]]
name = "cmake"
version = "0.1.58"
source = "registry+https://github.com/rust-lang/crates.io-index"
checksum = "c0f78a02292a74a88ac736019ab962ece0bc380e3f977bf72e376c5d78ff0678"
dependencies = [
 "cc",
]

[[package]]
name = "const-oid"
version = "0.10.2"
source = "registry+https://github.com/rust-lang/crates.io-index"
checksum = "a6ef517f0926dd24a1582492c791b6a4818a4d94e789a334894aa15b0d12f55c"

[[package]]
name = "cpufeatures"
version = "0.3.1"
source = "registry+https://github.com/rust-lang/crates.io-index"
checksum = "5ca28b0ae3115b884660db4118d803791fd6756b6e88f39c0f3f7859060d7566"
dependencies = [
 "libc",
]

[[package]]
name = "crypto-common"
version = "0.2.2"
source = "registry+https://github.com/rust-lang/crates.io-index"
checksum = "ce6e4c961d6cd6c9a86db418387425e8bdeaf05b3c8bc1411e6dca4c252f1453"
dependencies = [
 "hybrid-array",
]

[[package]]
name = "deadrally-core"
version = "0.0.0"

[[package]]
name = "deadrally-front-sdl"
version = "0.0.0"
dependencies = [
 "deadrally-core",
 "sdl3",
]

[[package]]
name = "deadrally-gamedata"
version = "0.0.0"
dependencies = [
 "directories",
 "sha2",
 "tempfile",
 "toml",
]

[[package]]
name = "deadrally-headless"
version = "0.0.0"
dependencies = [
 "deadrally-core",
 "deadrally-gamedata",
 "sha2",
 "tempfile",
]

[[package]]
name = "digest"
version = "0.11.3"
source = "registry+https://github.com/rust-lang/crates.io-index"
checksum = "f1dd6dbb5841937940781866fa1281a1ff7bd3bf827091440879f9994983d5c2"
dependencies = [
 "block-buffer",
 "const-oid",
 "crypto-common",
]

[[package]]
name = "directories"
version = "6.0.0"
source = "registry+https://github.com/rust-lang/crates.io-index"
checksum = "16f5094c54661b38d03bd7e50df373292118db60b585c08a411c6d840017fe7d"
dependencies = [
 "dirs-sys",
]

[[package]]
name = "dirs-sys"
version = "0.5.0"
source = "registry+https://github.com/rust-lang/crates.io-index"
checksum = "e01a3366d27ee9890022452ee61b2b63a67e6f13f58900b651ff5665f0bb1fab"
dependencies = [
 "libc",
 "option-ext",
 "redox_users",
 "windows-sys",
]

[[package]]
name = "equivalent"
version = "1.0.2"
source = "registry+https://github.com/rust-lang/crates.io-index"
checksum = "877a4ace8713b0bcf2a4e7eec82529c029f1d0619886d18145fea96c3ffe5c0f"

[[package]]
name = "errno"
version = "0.3.14"
source = "registry+https://github.com/rust-lang/crates.io-index"
checksum = "39cab71617ae0d63f51a36d69f866391735b51691dbda63cf6f96d042b63efeb"
dependencies = [
 "libc",
 "windows-sys",
]

[[package]]
name = "fastrand"
version = "2.5.0"
source = "registry+https://github.com/rust-lang/crates.io-index"
checksum = "da7c62ceae207dd37ea5b845da6a0696c799f85e97da1ab5b7910be3c1c80223"

[[package]]
name = "find-msvc-tools"
version = "0.1.14"
source = "registry+https://github.com/rust-lang/crates.io-index"
checksum = "aedcfb3409746eddb02b9e19ebda1c3394f759a152e48ee875a0844d1b955484"

[[package]]
name = "getrandom"
version = "0.4.3"
source = "registry+https://github.com/rust-lang/crates.io-index"
checksum = "300e883d756b2e4ec94e02791f39b04b522276138852cfc41d9fb7e904106099"
dependencies = [
 "cfg-if",
 "libc",
 "r-efi",
]

[[package]]
name = "hashbrown"
version = "0.17.1"
source = "registry+https://github.com/rust-lang/crates.io-index"
checksum = "ed5909b6e89a2db4456e54cd5f673791d7eca6732202bbf2a9cc504fe2f9b84a"

[[package]]
name = "hybrid-array"
version = "0.4.15"
source = "registry+https://github.com/rust-lang/crates.io-index"
checksum = "27f864f10dfb56725ce5ce5472bc52252c8f93a4ab86327122cebf62c5f59a17"
dependencies = [
 "typenum",
]

[[package]]
name = "indexmap"
version = "2.14.2"
source = "registry+https://github.com/rust-lang/crates.io-index"
checksum = "cc4e190f5d26ca7051642629da2c52fc03bde85a03197c99408dcd291734c855"
dependencies = [
 "equivalent",
 "hashbrown",
]

[[package]]
name = "libc"
version = "0.2.190"
source = "registry+https://github.com/rust-lang/crates.io-index"
checksum = "ce5d3ddc6d3fa000eb1536d85e147bfe31aacaba692ed6a876f95cb7c855be78"

[[package]]
name = "libredox"
version = "0.1.25"
source = "registry+https://github.com/rust-lang/crates.io-index"
checksum = "61ff90caf6077a803a240f62fdbe88645a890bbca49ef8174c3cb0404362171d"
dependencies = [
 "libc",
]

[[package]]
name = "linux-raw-sys"
version = "0.12.1"
source = "registry+https://github.com/rust-lang/crates.io-index"
checksum = "32a66949e030da00e8c7d4434b251670a91556f4144941d37452769c25d58a53"

[[package]]
name = "once_cell"
version = "1.21.4"
source = "registry+https://github.com/rust-lang/crates.io-index"
checksum = "9f7c3e4beb33f85d45ae3e3a1792185706c8e16d043238c593331cc7cd313b50"

[[package]]
name = "option-ext"
version = "0.2.0"
source = "registry+https://github.com/rust-lang/crates.io-index"
checksum = "04744f49eae99ab78e0d5c0b603ab218f515ea8cfe5a456d7629ad883a3b6e7d"

[[package]]
name = "pkg-config"
version = "0.3.34"
source = "registry+https://github.com/rust-lang/crates.io-index"
checksum = "f6b464fbc74e149a392436b17d523f769e057cb6877f6a5c4618bc6f11800548"

[[package]]
name = "proc-macro2"
version = "1.0.107"
source = "registry+https://github.com/rust-lang/crates.io-index"
checksum = "985e7ec9bb745e6ce6535b544d84d6cd6f7ad8bd711c398938ae983b91a766d9"
dependencies = [
 "unicode-ident",
]

[[package]]
name = "quote"
version = "1.0.47"
source = "registry+https://github.com/rust-lang/crates.io-index"
checksum = "1fbf4db142a473a8d80c26bbf18454ed458bf8d26c8219c331daecfdbd079001"
dependencies = [
 "proc-macro2",
]

[[package]]
name = "r-efi"
version = "6.0.0"
source = "registry+https://github.com/rust-lang/crates.io-index"
checksum = "f8dcc9c7d52a811697d2151c701e0d08956f92b0e24136cf4cf27b57a6a0d9bf"

[[package]]
name = "redox_users"
version = "0.5.3"
source = "registry+https://github.com/rust-lang/crates.io-index"
checksum = "60dc65c0ff1a7ae1294b0c67b9f14baf70b644404010370171787bfac1038fc0"
dependencies = [
 "libredox",
 "thiserror",
]

[[package]]
name = "rpkg-config"
version = "0.1.2"
source = "registry+https://github.com/rust-lang/crates.io-index"
checksum = "5a2d2f3481209a6b42eec2fbb49063fb4e8d35b57023401495d4fe0f85c817f0"

[[package]]
name = "rustix"
version = "1.1.5"
source = "registry+https://github.com/rust-lang/crates.io-index"
checksum = "891efababe418670775f199f0d233d84843c227a0949a883ce15b37c78d6629d"
dependencies = [
 "bitflags",
 "errno",
 "libc",
 "linux-raw-sys",
 "windows-sys",
]

[[package]]
name = "sdl3"
version = "0.20.0"
source = "registry+https://github.com/rust-lang/crates.io-index"
checksum = "f90c470b564b34e7f9ff0719ed7dc05ec71bc73fa4b28e0750a17b8987cf45f8"
dependencies = [
 "bitflags",
 "libc",
 "sdl3-image-sys",
 "sdl3-mixer-sys",
 "sdl3-sys",
 "sdl3-ttf-sys",
]

[[package]]
name = "sdl3-image-src"
version = "3.4.6"
source = "registry+https://github.com/rust-lang/crates.io-index"
checksum = "bd9494480b91011c3eff1d15235a30c34f758ac4ee6b0a97579b0291d4fc2c85"

[[package]]
name = "sdl3-image-sys"
version = "0.7.0+SDL-image-3.4.6"
source = "registry+https://github.com/rust-lang/crates.io-index"
checksum = "e12eec1cd8dcb6be4430976d9b01ae1dcccc674aea5f5ca2bd7ffb2c881ed79d"
dependencies = [
 "cmake",
 "pkg-config",
 "rpkg-config",
 "sdl3-image-src",
 "sdl3-sys",
 "vcpkg",
]

[[package]]
name = "sdl3-mixer-src"
version = "3.2.4"
source = "registry+https://github.com/rust-lang/crates.io-index"
checksum = "9cd815ae87084588c7dbd027c1667b0a5e21a6b5ae7b22ecb230bc21c7063eca"

[[package]]
name = "sdl3-mixer-sys"
version = "0.7.0+SDL-mixer-3.2.4"
source = "registry+https://github.com/rust-lang/crates.io-index"
checksum = "6150136321198ec95cccfb6168d838f114273a7615d21b513e5277c86f7d3aa1"
dependencies = [
 "cmake",
 "pkg-config",
 "rpkg-config",
 "sdl3-mixer-src",
 "sdl3-sys",
 "vcpkg",
]

[[package]]
name = "sdl3-src"
version = "3.4.16"
source = "registry+https://github.com/rust-lang/crates.io-index"
checksum = "5bfd475a15a4679b94f6579aed7d52c69f3e04d80e6707712373f12903a2ef91"

[[package]]
name = "sdl3-sys"
version = "0.7.1+SDL-3.4.16"
source = "registry+https://github.com/rust-lang/crates.io-index"
checksum = "6c10781cd13b03f18f26af765c9909ac64d362fd645c4fa92db51685c834cf8b"
dependencies = [
 "cc",
 "cmake",
 "pkg-config",
 "rpkg-config",
 "sdl3-src",
 "vcpkg",
]

[[package]]
name = "sdl3-ttf-src"
version = "3.2.3"
source = "registry+https://github.com/rust-lang/crates.io-index"
checksum = "f28923d2ce72ff317d8eb7cec97ddfb8f351c330d7bcbf8c76e91332122c93b3"

[[package]]
name = "sdl3-ttf-sys"
version = "0.7.1+SDL-ttf-3.2.2"
source = "registry+https://github.com/rust-lang/crates.io-index"
checksum = "d254e537d2d96b3e2d6e8a3dd4850a1361b8689c3d95c6c1dfdc02b091307eef"
dependencies = [
 "cmake",
 "pkg-config",
 "rpkg-config",
 "sdl3-sys",
 "sdl3-ttf-src",
 "vcpkg",
]

[[package]]
name = "serde_core"
version = "1.0.229"
source = "registry+https://github.com/rust-lang/crates.io-index"
checksum = "67dca2c9c51e58a4791a4b1ed58308b39c64224d349a935ab5039aa360942a48"
dependencies = [
 "serde_derive",
]

[[package]]
name = "serde_derive"
version = "1.0.229"
source = "registry+https://github.com/rust-lang/crates.io-index"
checksum = "e7a5d71263a5a7d47b41f6b3f06ba276f10cc18b0931f1799f710578e2309348"
dependencies = [
 "proc-macro2",
 "quote",
 "syn",
]

[[package]]
name = "serde_spanned"
version = "1.1.1"
source = "registry+https://github.com/rust-lang/crates.io-index"
checksum = "6662b5879511e06e8999a8a235d848113e942c9124f211511b16466ee2995f26"
dependencies = [
 "serde_core",
]

[[package]]
name = "sha2"
version = "0.11.0"
source = "registry+https://github.com/rust-lang/crates.io-index"
checksum = "446ba717509524cb3f22f17ecc096f10f4822d76ab5c0b9822c5f9c284e825f4"
dependencies = [
 "cfg-if",
 "cpufeatures",
 "digest",
]

[[package]]
name = "shlex"
version = "2.0.1"
source = "registry+https://github.com/rust-lang/crates.io-index"
checksum = "f8fadd59c855ef2080decdef8ff161eb6661b86933c9d82e5ba29dc602a55aba"

[[package]]
name = "syn"
version = "3.0.6"
source = "registry+https://github.com/rust-lang/crates.io-index"
checksum = "8593e8e72159ed2257d083c7a454a85cbf854f37a0966d8d483aff8c8a3ebcee"
dependencies = [
 "proc-macro2",
 "quote",
 "unicode-ident",
]

[[package]]
name = "tempfile"
version = "3.27.0"
source = "registry+https://github.com/rust-lang/crates.io-index"
checksum = "32497e9a4c7b38532efcdebeef879707aa9f794296a4f0244f6f69e9bc8574bd"
dependencies = [
 "fastrand",
 "getrandom",
 "once_cell",
 "rustix",
 "windows-sys",
]

[[package]]
name = "thiserror"
version = "2.0.21"
source = "registry+https://github.com/rust-lang/crates.io-index"
checksum = "09e52cb86a36cede5cb101bf8908837b3e4c6e5e59fe7fd85c23fb56200d189e"
dependencies = [
 "thiserror-impl",
]

[[package]]
name = "thiserror-impl"
version = "2.0.21"
source = "registry+https://github.com/rust-lang/crates.io-index"
checksum = "fe5197923287db20a58125f0bc85c062f7f2c892de97b18c356f9efb14b28524"
dependencies = [
 "proc-macro2",
 "quote",
 "syn",
]

[[package]]
name = "toml"
version = "1.1.6+spec-1.1.0"
source = "registry+https://github.com/rust-lang/crates.io-index"
checksum = "920602543f0911ab71da12c50d59701da54c196d1a2bf5cb4b75667f137a406a"
dependencies = [
 "indexmap",
 "serde_core",
 "serde_spanned",
 "toml_datetime",
 "toml_parser",
 "toml_writer",
 "winnow",
]

[[package]]
name = "toml_datetime"
version = "1.1.1+spec-1.1.0"
source = "registry+https://github.com/rust-lang/crates.io-index"
checksum = "3165f65f62e28e0115a00b2ebdd37eb6f3b641855f9d636d3cd4103767159ad7"
dependencies = [
 "serde_core",
]

[[package]]
name = "toml_parser"
version = "1.1.3+spec-1.1.0"
source = "registry+https://github.com/rust-lang/crates.io-index"
checksum = "1d38ac1cf9b95face32296c0a3ede1fdc270627c9d9c02a7274dd6d960dc4d56"
dependencies = [
 "winnow",
]

[[package]]
name = "toml_writer"
version = "1.1.2+spec-1.1.0"
source = "registry+https://github.com/rust-lang/crates.io-index"
checksum = "7d56353a2a665ad0f41a421187180aab746c8c325620617ad883a99a1cbe66d2"

[[package]]
name = "typenum"
version = "1.20.1"
source = "registry+https://github.com/rust-lang/crates.io-index"
checksum = "b6f5e870be6c3b371b77fe0ee0bafb859fa4964b4404c27de1d380043c4dda20"

[[package]]
name = "unicode-ident"
version = "1.0.26"
source = "registry+https://github.com/rust-lang/crates.io-index"
checksum = "d245f478577f809a851594d02313b640fb437e0bb33866753cff937863096954"

[[package]]
name = "vcpkg"
version = "0.2.15"
source = "registry+https://github.com/rust-lang/crates.io-index"
checksum = "accd4ea62f7bb7a82fe23066fb0957d48ef677f6eeb8215f372f52e48bb32426"

[[package]]
name = "windows-link"
version = "0.2.1"
source = "registry+https://github.com/rust-lang/crates.io-index"
checksum = "f0805222e57f7521d6a62e36fa9163bc891acd422f971defe97d64e70d0a4fe5"

[[package]]
name = "windows-sys"
version = "0.61.2"
source = "registry+https://github.com/rust-lang/crates.io-index"
checksum = "ae137229bcbd6cdf0f7b80a31df61766145077ddf49416a728b02cb3921ff3fc"
dependencies = [
 "windows-link",
]

[[package]]
name = "winnow"
version = "1.0.4"
source = "registry+https://github.com/rust-lang/crates.io-index"
checksum = "23b97319f7b8343df12cc98938e5c3eb436064524c8d2b4e30a1d3a36eecdf81"
